
Microsoft Visual Studio Solution File, Format Version 12.00
# Visual Studio 15
VisualStudioVersion = 15.0.28307.572
MinimumVisualStudioVersion = 10.0.40219.1
Project("{FAE04EC0-301F-11D3-BF4B-00C04F79EFBC}") = "JsonDataSearch", "JsonDataSearch\JsonDataSearch.csproj", "{CFC959BA-4433-4D5A-BEAA-C0AC8CEB9B47}"
EndProject
Project("{9A19103F-16F7-4668-BE54-9A1E7A4F7556}") = "ReactJsonDataSearch", "..\ReactJsonDataSearch\ReactJsonDataSearch\ReactJsonDataSearch.csproj", "{6D13C2CB-B64D-48B3-B927-DF606939626E}"
EndProject
Global
	GlobalSection(SolutionConfigurationPlatforms) = preSolution
		Debug|Any CPU = Debug|Any CPU
		Release|Any CPU = Release|Any CPU
	EndGlobalSection
	GlobalSection(ProjectConfigurationPlatforms) = postSolution
		{CFC959BA-4433-4D5A-BEAA-C0AC8CEB9B47}.Debug|Any CPU.ActiveCfg = Debug|Any CPU
		{CFC959BA-4433-4D5A-BEAA-C0AC8CEB9B47}.Debug|Any CPU.Build.0 = Debug|Any CPU
		{CFC959BA-4433-4D5A-BEAA-C0AC8CEB9B47}.Release|Any CPU.ActiveCfg = Release|Any CPU
		{CFC959BA-4433-4D5A-BEAA-C0AC8CEB9B47}.Release|Any CPU.Build.0 = Release|Any CPU
		{6D13C2CB-B64D-48B3-B927-DF606939626E}.Debug|Any CPU.ActiveCfg = Debug|Any CPU
		{6D13C2CB-B64D-48B3-B927-DF606939626E}.Debug|Any CPU.Build.0 = Debug|Any CPU
		{6D13C2CB-B64D-48B3-B927-DF606939626E}.Release|Any CPU.ActiveCfg = Release|Any CPU
		{6D13C2CB-B64D-48B3-B927-DF606939626E}.Release|Any CPU.Build.0 = Release|Any CPU
	EndGlobalSection
	GlobalSection(SolutionProperties) = preSolution
		HideSolutionNode = FALSE
	EndGlobalSection
	GlobalSection(ExtensibilityGlobals) = postSolution
		SolutionGuid = {DB09DF7B-50E4-452E-8FEA-0B2CB5E8C223}
	EndGlobalSection
EndGlobal
